
Microsoft Visual Studio Solution File, Format Version 12.00
# Visual Studio Version 16
VisualStudioVersion = 16.0.29519.87
MinimumVisualStudioVersion = 10.0.40219.1
Project("{FAE04EC0-301F-11D3-BF4B-00C04F79EFBC}") = "Webpayment", "Webpayment\Webpayment.csproj", "{615CD101-1C57-4C38-9BF2-BD62C1C2EE3B}"
EndProject
Global
	GlobalSection(SolutionConfigurationPlatforms) = preSolution
		Debug|Any CPU = Debug|Any CPU
		Release|Any CPU = Release|Any CPU
	EndGlobalSection
	GlobalSection(ProjectConfigurationPlatforms) = postSolution
		{615CD101-1C57-4C38-9BF2-BD62C1C2EE3B}.Debug|Any CPU.ActiveCfg = Debug|Any CPU
		{615CD101-1C57-4C38-9BF2-BD62C1C2EE3B}.Debug|Any CPU.Build.0 = Debug|Any CPU
		{615CD101-1C57-4C38-9BF2-BD62C1C2EE3B}.Release|Any CPU.ActiveCfg = Release|Any CPU
		{615CD101-1C57-4C38-9BF2-BD62C1C2EE3B}.Release|Any CPU.Build.0 = Release|Any CPU
	EndGlobalSection
	GlobalSection(SolutionProperties) = preSolution
		HideSolutionNode = FALSE
	EndGlobalSection
	GlobalSection(ExtensibilityGlobals) = postSolution
		SolutionGuid = {238913FC-C4A4-4853-AABF-5375DA7A41C0}
	EndGlobalSection
EndGlobal
