
Microsoft Visual Studio Solution File, Format Version 12.00
# Visual Studio Version 16
VisualStudioVersion = 16.0.29519.87
MinimumVisualStudioVersion = 10.0.40219.1
Project("{FAE04EC0-301F-11D3-BF4B-00C04F79EFBC}") = "Boostrap", "Boostrap\Boostrap.csproj", "{FD51BB7C-8E88-4C60-983B-7353E3F7ECD9}"
EndProject
Global
	GlobalSection(SolutionConfigurationPlatforms) = preSolution
		Debug|Any CPU = Debug|Any CPU
		Release|Any CPU = Release|Any CPU
	EndGlobalSection
	GlobalSection(ProjectConfigurationPlatforms) = postSolution
		{FD51BB7C-8E88-4C60-983B-7353E3F7ECD9}.Debug|Any CPU.ActiveCfg = Debug|Any CPU
		{FD51BB7C-8E88-4C60-983B-7353E3F7ECD9}.Debug|Any CPU.Build.0 = Debug|Any CPU
		{FD51BB7C-8E88-4C60-983B-7353E3F7ECD9}.Release|Any CPU.ActiveCfg = Release|Any CPU
		{FD51BB7C-8E88-4C60-983B-7353E3F7ECD9}.Release|Any CPU.Build.0 = Release|Any CPU
	EndGlobalSection
	GlobalSection(SolutionProperties) = preSolution
		HideSolutionNode = FALSE
	EndGlobalSection
	GlobalSection(ExtensibilityGlobals) = postSolution
		SolutionGuid = {C592E696-17CE-4EC1-B16B-1217CFC30FCF}
	EndGlobalSection
EndGlobal
